
Microsoft Visual Studio Solution File, Format Version 12.00
# Visual Studio Version 17
VisualStudioVersion = 17.14.36221.1 d17.14
MinimumVisualStudioVersion = 10.0.40219.1
Project("{FAE04EC0-301F-11D3-BF4B-00C04F79EFBC}") = "Cripto", "Cripto.csproj", "{79C42469-38F2-4C82-BDF3-7F6486C11486}"
EndProject
Global
	GlobalSection(SolutionConfigurationPlatforms) = preSolution
		Debug|Any CPU = Debug|Any CPU
		Release|Any CPU = Release|Any CPU
	EndGlobalSection
	GlobalSection(ProjectConfigurationPlatforms) = postSolution
		{79C42469-38F2-4C82-BDF3-7F6486C11486}.Debug|Any CPU.ActiveCfg = Debug|Any CPU
		{79C42469-38F2-4C82-BDF3-7F6486C11486}.Debug|Any CPU.Build.0 = Debug|Any CPU
		{79C42469-38F2-4C82-BDF3-7F6486C11486}.Release|Any CPU.ActiveCfg = Release|Any CPU
		{79C42469-38F2-4C82-BDF3-7F6486C11486}.Release|Any CPU.Build.0 = Release|Any CPU
	EndGlobalSection
	GlobalSection(SolutionProperties) = preSolution
		HideSolutionNode = FALSE
	EndGlobalSection
	GlobalSection(ExtensibilityGlobals) = postSolution
		SolutionGuid = {90F9E428-DAE6-4851-A65A-0A185A3B6535}
	EndGlobalSection
EndGlobal
